
Microsoft Visual Studio Solution File, Format Version 12.00
# Visual Studio Version 16
VisualStudioVersion = 16.0.29709.97
MinimumVisualStudioVersion = 10.0.40219.1
Project("{FAE04EC0-301F-11D3-BF4B-00C04F79EFBC}") = "ProfileForm", "ProfileForm\ProfileForm.csproj", "{149A0287-DECE-496D-A04F-CFE11521E537}"
EndProject
Global
	GlobalSection(SolutionConfigurationPlatforms) = preSolution
		Debug|Any CPU = Debug|Any CPU
		Release|Any CPU = Release|Any CPU
	EndGlobalSection
	GlobalSection(ProjectConfigurationPlatforms) = postSolution
		{149A0287-DECE-496D-A04F-CFE11521E537}.Debug|Any CPU.ActiveCfg = Debug|Any CPU
		{149A0287-DECE-496D-A04F-CFE11521E537}.Debug|Any CPU.Build.0 = Debug|Any CPU
		{149A0287-DECE-496D-A04F-CFE11521E537}.Release|Any CPU.ActiveCfg = Release|Any CPU
		{149A0287-DECE-496D-A04F-CFE11521E537}.Release|Any CPU.Build.0 = Release|Any CPU
	EndGlobalSection
	GlobalSection(SolutionProperties) = preSolution
		HideSolutionNode = FALSE
	EndGlobalSection
	GlobalSection(ExtensibilityGlobals) = postSolution
		SolutionGuid = {92A14516-F857-4526-80FE-B08A3DA22B19}
	EndGlobalSection
EndGlobal
